
Microsoft Visual Studio Solution File, Format Version 12.00
# Visual Studio Version 17
VisualStudioVersion = 17.5.002.0
MinimumVisualStudioVersion = 10.0.40219.1
Project("{9A19103F-16F7-4668-BE54-9A1E7A4F7556}") = "TextEditor", "TextEditor\TextEditor.csproj", "{78B61769-E5BB-48FD-BB4B-EDE36BEFDA9D}"
EndProject
Global
	GlobalSection(SolutionConfigurationPlatforms) = preSolution
		Debug|Any CPU = Debug|Any CPU
		Release|Any CPU = Release|Any CPU
	EndGlobalSection
	GlobalSection(ProjectConfigurationPlatforms) = postSolution
		{78B61769-E5BB-48FD-BB4B-EDE36BEFDA9D}.Debug|Any CPU.ActiveCfg = Debug|Any CPU
		{78B61769-E5BB-48FD-BB4B-EDE36BEFDA9D}.Debug|Any CPU.Build.0 = Debug|Any CPU
		{78B61769-E5BB-48FD-BB4B-EDE36BEFDA9D}.Release|Any CPU.ActiveCfg = Release|Any CPU
		{78B61769-E5BB-48FD-BB4B-EDE36BEFDA9D}.Release|Any CPU.Build.0 = Release|Any CPU
	EndGlobalSection
	GlobalSection(SolutionProperties) = preSolution
		HideSolutionNode = FALSE
	EndGlobalSection
	GlobalSection(ExtensibilityGlobals) = postSolution
		SolutionGuid = {4D4C31F2-135F-45E4-BF1D-595B0395A9C8}
	EndGlobalSection
EndGlobal
